
Microsoft Visual Studio Solution File, Format Version 12.00
# Visual Studio Version 17
VisualStudioVersion = 17.14.36623.8 d17.14
MinimumVisualStudioVersion = 10.0.40219.1
Project("{FAE04EC0-301F-11D3-BF4B-00C04F79EFBC}") = "Lab_Test", "Lab_Test\Lab_Test.csproj", "{7F36D361-DE50-485C-8A6C-E236BC7E5D33}"
EndProject
Global
	GlobalSection(SolutionConfigurationPlatforms) = preSolution
		Debug|Any CPU = Debug|Any CPU
		Release|Any CPU = Release|Any CPU
	EndGlobalSection
	GlobalSection(ProjectConfigurationPlatforms) = postSolution
		{7F36D361-DE50-485C-8A6C-E236BC7E5D33}.Debug|Any CPU.ActiveCfg = Debug|Any CPU
		{7F36D361-DE50-485C-8A6C-E236BC7E5D33}.Debug|Any CPU.Build.0 = Debug|Any CPU
		{7F36D361-DE50-485C-8A6C-E236BC7E5D33}.Release|Any CPU.ActiveCfg = Release|Any CPU
		{7F36D361-DE50-485C-8A6C-E236BC7E5D33}.Release|Any CPU.Build.0 = Release|Any CPU
	EndGlobalSection
	GlobalSection(SolutionProperties) = preSolution
		HideSolutionNode = FALSE
	EndGlobalSection
	GlobalSection(ExtensibilityGlobals) = postSolution
		SolutionGuid = {A23139DE-076B-4CC1-BBC3-E46FDEE13018}
	EndGlobalSection
EndGlobal
